{
    "_meta": {
        "hash": {
            "sha256": "3da521ce2501bfae4ebe140677361521bdf38d7730fa2d1ab06950d7ab6b136e"
        },
        "pipfile-spec": 6,
        "requires": {
            "python_version": "3.10"
        },
        "sources": [
            {
                "name": "pypi",
                "url": "https://pypi.org/simple",
                "verify_ssl": true
            }
        ]
    },
    "default": {
        "colorama": {
            "hashes": [
                "sha256:5941b2b48a20143d2267e95b1c2a7603ce057ee39fd88e7329b0c292aa16869b",
                "sha256:9f47eda37229f68eee03b24b9748937c7dc3868f906e8ba69fbcbdd3bc5dc3e2"
            ],
            "markers": "platform_system == 'Windows'",
            "version": "==0.4.4"
        },
        "configparser": {
            "hashes": [
                "sha256:1b35798fdf1713f1c3139016cfcbc461f09edbf099d1fb658d4b7479fcaa3daa",
                "sha256:e8b39238fb6f0153a069aa253d349467c3c4737934f253ef6abac5fe0eca1e5d"
            ],
            "index": "pypi",
            "version": "==5.2.0"
        },
        "pillow": {
            "hashes": [
                "sha256:088df396b047477dd1bbc7de6e22f58400dae2f21310d9e2ec2933b2ef7dfa4f",
                "sha256:09e67ef6e430f90caa093528bd758b0616f8165e57ed8d8ce014ae32df6a831d",
                "sha256:0b4d5ad2cd3a1f0d1df882d926b37dbb2ab6c823ae21d041b46910c8f8cd844b",
                "sha256:0b525a356680022b0af53385944026d3486fc8c013638cf9900eb87c866afb4c",
                "sha256:1d4331aeb12f6b3791911a6da82de72257a99ad99726ed6b63f481c0184b6fb9",
                "sha256:20d514c989fa28e73a5adbddd7a171afa5824710d0ab06d4e1234195d2a2e546",
                "sha256:2b291cab8a888658d72b575a03e340509b6b050b62db1f5539dd5cd18fd50578",
                "sha256:3f6c1716c473ebd1649663bf3b42702d0d53e27af8b64642be0dd3598c761fb1",
                "sha256:42dfefbef90eb67c10c45a73a9bc1599d4dac920f7dfcbf4ec6b80cb620757fe",
                "sha256:488f3383cf5159907d48d32957ac6f9ea85ccdcc296c14eca1a4e396ecc32098",
                "sha256:4d45dbe4b21a9679c3e8b3f7f4f42a45a7d3ddff8a4a16109dff0e1da30a35b2",
                "sha256:53c27bd452e0f1bc4bfed07ceb235663a1df7c74df08e37fd6b03eb89454946a",
                "sha256:55e74faf8359ddda43fee01bffbc5bd99d96ea508d8a08c527099e84eb708f45",
                "sha256:59789a7d06c742e9d13b883d5e3569188c16acb02eeed2510fd3bfdbc1bd1530",
                "sha256:5b650dbbc0969a4e226d98a0b440c2f07a850896aed9266b6fedc0f7e7834108",
                "sha256:66daa16952d5bf0c9d5389c5e9df562922a59bd16d77e2a276e575d32e38afd1",
                "sha256:6e760cf01259a1c0a50f3c845f9cad1af30577fd8b670339b1659c6d0e7a41dd",
                "sha256:7502539939b53d7565f3d11d87c78e7ec900d3c72945d4ee0e2f250d598309a0",
                "sha256:769a7f131a2f43752455cc72f9f7a093c3ff3856bf976c5fb53a59d0ccc704f6",
                "sha256:7c150dbbb4a94ea4825d1e5f2c5501af7141ea95825fadd7829f9b11c97aaf6c",
                "sha256:8844217cdf66eabe39567118f229e275f0727e9195635a15e0e4b9227458daaf",
                "sha256:8a66fe50386162df2da701b3722781cbe90ce043e7d53c1fd6bd801bca6b48d4",
                "sha256:9370d6744d379f2de5d7fa95cdbd3a4d92f0b0ef29609b4b1687f16bc197063d",
                "sha256:937a54e5694684f74dcbf6e24cc453bfc5b33940216ddd8f4cd8f0f79167f765",
                "sha256:9c857532c719fb30fafabd2371ce9b7031812ff3889d75273827633bca0c4602",
                "sha256:a4165205a13b16a29e1ac57efeee6be2dfd5b5408122d59ef2145bc3239fa340",
                "sha256:b3fe2ff1e1715d4475d7e2c3e8dabd7c025f4410f79513b4ff2de3d51ce0fa9c",
                "sha256:b6617221ff08fbd3b7a811950b5c3f9367f6e941b86259843eab77c8e3d2b56b",
                "sha256:b761727ed7d593e49671d1827044b942dd2f4caae6e51bab144d4accf8244a84",
                "sha256:baf3be0b9446a4083cc0c5bb9f9c964034be5374b5bc09757be89f5d2fa247b8",
                "sha256:c17770a62a71718a74b7548098a74cd6880be16bcfff5f937f900ead90ca8e92",
                "sha256:c67db410508b9de9c4694c57ed754b65a460e4812126e87f5052ecf23a011a54",
                "sha256:d78ca526a559fb84faaaf84da2dd4addef5edb109db8b81677c0bb1aad342601",
                "sha256:e9ed59d1b6ee837f4515b9584f3d26cf0388b742a11ecdae0d9237a94505d03a",
                "sha256:f054b020c4d7e9786ae0404278ea318768eb123403b18453e28e47cdb7a0a4bf",
                "sha256:f372d0f08eff1475ef426344efe42493f71f377ec52237bf153c5713de987251",
                "sha256:f3f6a6034140e9e17e9abc175fc7a266a6e63652028e157750bd98e804a8ed9a",
                "sha256:ffde4c6fabb52891d81606411cbfaf77756e3b561b566efd270b3ed3791fde4e"
            ],
            "index": "pypi",
            "version": "==9.1.1"
        },
        "tqdm": {
            "hashes": [
                "sha256:40be55d30e200777a307a7585aee69e4eabb46b4ec6a4b4a5f2d9f11e7d5408d",
                "sha256:74a2cdefe14d11442cedf3ba4e21a3b84ff9a2dbdc6cfae2c34addb2a14a5ea6"
            ],
            "index": "pypi",
            "version": "==4.64.0"
        }
    },
    "develop": {
        "autopep8": {
            "hashes": [
                "sha256:44f0932855039d2c15c4510d6df665e4730f2b8582704fa48f9c55bd3e17d979",
                "sha256:ed77137193bbac52d029a52c59bec1b0629b5a186c495f1eb21b126ac466083f"
            ],
            "index": "pypi",
            "version": "==1.6.0"
        },
        "flake8": {
            "hashes": [
                "sha256:479b1304f72536a55948cb40a32dce8bb0ffe3501e26eaf292c7e60eb5e0428d",
                "sha256:806e034dda44114815e23c16ef92f95c91e4c71100ff52813adf7132a6ad870d"
            ],
            "index": "pypi",
            "version": "==4.0.1"
        },
        "mccabe": {
            "hashes": [
                "sha256:ab8a6258860da4b6677da4bd2fe5dc2c659cff31b3ee4f7f5d64e79735b80d42",
                "sha256:dd8d182285a0fe56bace7f45b5e7d1a6ebcbf524e8f3bd87eb0f125271b8831f"
            ],
            "version": "==0.6.1"
        },
        "mypy": {
            "hashes": [
                "sha256:006be38474216b833eca29ff6b73e143386f352e10e9c2fbe76aa8549e5554f5",
                "sha256:03c6cc893e7563e7b2949b969e63f02c000b32502a1b4d1314cabe391aa87d66",
                "sha256:0e9f70df36405c25cc530a86eeda1e0867863d9471fe76d1273c783df3d35c2e",
                "sha256:1ece702f29270ec6af25db8cf6185c04c02311c6bb21a69f423d40e527b75c56",
                "sha256:3e09f1f983a71d0672bbc97ae33ee3709d10c779beb613febc36805a6e28bb4e",
                "sha256:439c726a3b3da7ca84a0199a8ab444cd8896d95012c4a6c4a0d808e3147abf5d",
                "sha256:5a0b53747f713f490affdceef835d8f0cb7285187a6a44c33821b6d1f46ed813",
                "sha256:5f1332964963d4832a94bebc10f13d3279be3ce8f6c64da563d6ee6e2eeda932",
                "sha256:63e85a03770ebf403291ec50097954cc5caf2a9205c888ce3a61bd3f82e17569",
                "sha256:64759a273d590040a592e0f4186539858c948302c653c2eac840c7a3cd29e51b",
                "sha256:697540876638ce349b01b6786bc6094ccdaba88af446a9abb967293ce6eaa2b0",
                "sha256:9940e6916ed9371809b35b2154baf1f684acba935cd09928952310fbddaba648",
                "sha256:9f5f5a74085d9a81a1f9c78081d60a0040c3efb3f28e5c9912b900adf59a16e6",
                "sha256:a5ea0875a049de1b63b972456542f04643daf320d27dc592d7c3d9cd5d9bf950",
                "sha256:b117650592e1782819829605a193360a08aa99f1fc23d1d71e1a75a142dc7e15",
                "sha256:b24be97351084b11582fef18d79004b3e4db572219deee0212078f7cf6352723",
                "sha256:b88f784e9e35dcaa075519096dc947a388319cb86811b6af621e3523980f1c8a",
                "sha256:bdd5ca340beffb8c44cb9dc26697628d1b88c6bddf5c2f6eb308c46f269bb6f3",
                "sha256:d5aaf1edaa7692490f72bdb9fbd941fbf2e201713523bdb3f4038be0af8846c6",
                "sha256:e999229b9f3198c0c880d5e269f9f8129c8862451ce53a011326cad38b9ccd24",
                "sha256:f4a21d01fc0ba4e31d82f0fff195682e29f9401a8bdb7173891070eb260aeb3b",
                "sha256:f4b794db44168a4fc886e3450201365c9526a522c46ba089b55e1f11c163750d",
                "sha256:f730d56cb924d371c26b8eaddeea3cc07d78ff51c521c6d04899ac6904b75492"
            ],
            "index": "pypi",
            "version": "==0.961"
        },
        "mypy-extensions": {
            "hashes": [
                "sha256:090fedd75945a69ae91ce1303b5824f428daf5a028d2f6ab8a299250a846f15d",
                "sha256:2d82818f5bb3e369420cb3c4060a7970edba416647068eb4c5343488a6c604a8"
            ],
            "version": "==0.4.3"
        },
        "nuitka": {
            "hashes": [
                "sha256:8eef55baa782826b7f42e1ae0ed37f3aede41c714b1e0e6da837245177788bc1"
            ],
            "index": "pypi",
            "version": "==0.8.4"
        },
        "pycodestyle": {
            "hashes": [
                "sha256:720f8b39dde8b293825e7ff02c475f3077124006db4f440dcbc9a20b76548a20",
                "sha256:eddd5847ef438ea1c7870ca7eb78a9d47ce0cdb4851a5523949f2601d0cbbe7f"
            ],
            "markers": "python_version >= '2.7' and python_version not in '3.0, 3.1, 3.2, 3.3, 3.4'",
            "version": "==2.8.0"
        },
        "pyflakes": {
            "hashes": [
                "sha256:05a85c2872edf37a4ed30b0cce2f6093e1d0581f8c19d7393122da7e25b2b24c",
                "sha256:3bb3a3f256f4b7968c9c788781e4ff07dce46bdf12339dcda61053375426ee2e"
            ],
            "markers": "python_version >= '2.7' and python_version not in '3.0, 3.1, 3.2, 3.3'",
            "version": "==2.4.0"
        },
        "toml": {
            "hashes": [
                "sha256:806143ae5bfb6a3c6e736a764057db0e6a0e05e338b5630894a5f779cabb4f9b",
                "sha256:b3bda1d108d5dd99f4a20d24d9c348e91c4db7ab1b749200bded2f839ccbe68f"
            ],
            "markers": "python_version >= '2.6' and python_version not in '3.0, 3.1, 3.2, 3.3'",
            "version": "==0.10.2"
        },
        "tomli": {
            "hashes": [
                "sha256:939de3e7a6161af0c887ef91b7d41a53e7c5a1ca976325f429cb46ea9bc30ecc",
                "sha256:de526c12914f0c550d15924c62d72abc48d6fe7364aa87328337a31007fe8a4f"
            ],
            "markers": "python_version < '3.11'",
            "version": "==2.0.1"
        },
        "typing-extensions": {
            "hashes": [
                "sha256:6657594ee297170d19f67d55c05852a874e7eb634f4f753dbd667855e07c1708",
                "sha256:f1c24655a0da0d1b67f07e17a5e6b2a105894e6824b92096378bb3668ef02376"
            ],
            "markers": "python_version >= '3.7'",
            "version": "==4.2.0"
        },
        "zstandard": {
            "hashes": [
                "sha256:208fa6bead577b2607205640078ee452e81fe20fe96321623c632bad9ebd7148",
                "sha256:2a2ac752162ba5cbc869c60c4a4e54e890b2ee2ffb57d3ff159feab1ae4518db",
                "sha256:37e50501baaa935f13a1820ab2114f74313b5cb4cfff8146acb8c5b18cdced2a",
                "sha256:3cf96ace804945e53bc3e5294097e5fa32a2d43bc52416c632b414b870ee0a21",
                "sha256:42f3c02c7021073cafbc6cd152b288c56a25e585518861589bb08b063b6d2ad2",
                "sha256:4768449d8d1b0785309ace288e017cc5fa42e11a52bf08c90d9c3eb3a7a73cc6",
                "sha256:477f172807a9fa83467b30d7c58876af1410d20177c554c27525211edf535bae",
                "sha256:49cd09ccbd1e3c0e2690dd62ebf95064d84aa42b9db381867e0b138631f969f2",
                "sha256:59eadb9f347d40e8f7ef77caffd0c04a31e82c1df82fe2d2a688032429d750ac",
                "sha256:60943f71e3117583655a1eb76188a7cc78a25267ef09cc74be4d25a0b0c8b947",
                "sha256:787efc741e61e00ffe5e65dac99b0dc5c88b9421012a207a91b869a8b1164921",
                "sha256:7a3a1aa9528087f6f4c47f4ece2d5e6a160527821263fb8174ff36429233e093",
                "sha256:7d2e7abac41d2b4b18f03575aca860d2cb647c343e13c23d6c769106a3db2f6f",
                "sha256:802109f67328c5b822d4fdac28e1cf65a24de2e2e99d76cdbeee9121cedb1b6c",
                "sha256:8aedd38d357f6d5e2facd88ce62b4976afdc29db57216a23f14a0cd0ca05a8a3",
                "sha256:8fd386d0ec1f9343f1776391d9e60d4eedced0a0b0e625bb89b91f6d05f70e83",
                "sha256:90a9ba3a9c16b86afcb785b3c9418af39ccfb238fd5f6e429166e3ca8542b01f",
                "sha256:91a228a077fc7cd8486c273788d4a006a37d060cb4293f471eb0325c3113af68",
                "sha256:9cf18c156b3a108197a8bf90b37d03c31c8ef35a7c18807b321d96b74e12c301",
                "sha256:9ec62a4c2dbb0a86ee5138c16ef133e59a23ac108f8d7ac97aeb61d410ce6857",
                "sha256:a1991cdf2e81e643b53fb8d272931d2bdf5f4e70d56a457e1ef95bde147ae627",
                "sha256:a628f20d019feb0f3a171c7a55cc4f75681f3b8c1bd7a5009165a487314887cd",
                "sha256:a71809ec062c5b7acf286ba6d4484e6fe8130fc2b93c25e596bb34e7810c79b2",
                "sha256:a7756a9446f83c81101f6c0a48c3bfd8d387a249933c57b0d095ca8b20541337",
                "sha256:a827b9c464ee966524f8e82ec1aabb4a77ff9514cae041667fa81ae2ec8bd3e9",
                "sha256:b1ad6d2952b41d9a0ea702a474cc08c05210c6289e29dd496935c9ca3c7fb45c",
                "sha256:b4e671c4c0804cdf752be26f260058bb858fbdaaef1340af170635913ecca01e",
                "sha256:bd842ae3dbb7cba88beb022161c819fa80ca7d0c5a4ddd209e7daae85d904e49",
                "sha256:bdf691a205bc492956e6daef7a06fb38f8cbe8b2c1cb0386f35f4412c360c9e9",
                "sha256:c19d1e06569c277dcc872d80cbadf14a29e8199e013ff2a176d169f461439a40",
                "sha256:c81fd9386449df0ebf1ab3e01187bb30d61122c74df53ba4880a2454d866e55d",
                "sha256:d0e9fec68e304fb35c559c44530213adbc7d5918bdab906a45a0f40cd56c4de2",
                "sha256:d1405caa964ba11b2396bd9fd19940440217345752e192c936d084ba5fe67dcb",
                "sha256:d5373a56b90052f171c8634fedc53a6ac371e6c742606e9825772a394bdbd4b0",
                "sha256:d78aac2ffc4e88ab1cbcad844669924c24e24c7c255de9628a18f14d832007c5",
                "sha256:d916018289d2f9a882e90d2e3bd41652861ce11b5ecd8515fa07ad31d97d56e5",
                "sha256:db993a56e21d903893933887984ca9b0d274f2b1db7b3cf21ba129783953864f",
                "sha256:de1aa618306a741e0497878b7f845fd6c397e52dd096fb76ed791e7268887176",
                "sha256:e37c4e21f696d6bcdbbc7caf98dffa505d04c0053909b9db0a6e8ca3b935eb07",
                "sha256:ef62eb3bcfd6d786f439828bb544ebd3936432db669403e0b8f48e424f1d55f1",
                "sha256:f0c87f097d6867833a839b086eb8d03676bb87c2efa067a131099f04aa790683",
                "sha256:f2e3ea5e4d5ecf3faefd4a5294acb6af1f0578b0cdd75d6b4529c45deaa54d6f",
                "sha256:f502fe79757434292174b04db114f9e25c767b2d5ca9e759d118b22a66f445f8",
                "sha256:fa9194cb91441df7242aa3ddc4cb184be38876cb10dd973674887f334bafbfb6"
            ],
            "index": "pypi",
            "version": "==0.17.0"
        }
    }
}
